
Microsoft Visual Studio Solution File, Format Version 12.00
# Visual Studio 15
VisualStudioVersion = 15.0.26403.0
MinimumVisualStudioVersion = 10.0.40219.1
Project("{FAE04EC0-301F-11D3-BF4B-00C04F79EFBC}") = "Store.Models", "Store.Models\Store.Models.csproj", "{2E1B757D-40C1-42A6-B3EE-66767735CDD2}"
EndProject
Project("{FAE04EC0-301F-11D3-BF4B-00C04F79EFBC}") = "Store.Services", "Store.Services\Store.Services.csproj", "{8EA35303-31DF-45EE-B639-31426D1CC858}"
EndProject
Global
	GlobalSection(SolutionConfigurationPlatforms) = preSolution
		Debug|Any CPU = Debug|Any CPU
		Release|Any CPU = Release|Any CPU
	EndGlobalSection
	GlobalSection(ProjectConfigurationPlatforms) = postSolution
		{2E1B757D-40C1-42A6-B3EE-66767735CDD2}.Debug|Any CPU.ActiveCfg = Debug|Any CPU
		{2E1B757D-40C1-42A6-B3EE-66767735CDD2}.Debug|Any CPU.Build.0 = Debug|Any CPU
		{2E1B757D-40C1-42A6-B3EE-66767735CDD2}.Release|Any CPU.ActiveCfg = Release|Any CPU
		{2E1B757D-40C1-42A6-B3EE-66767735CDD2}.Release|Any CPU.Build.0 = Release|Any CPU
		{8EA35303-31DF-45EE-B639-31426D1CC858}.Debug|Any CPU.ActiveCfg = Debug|Any CPU
		{8EA35303-31DF-45EE-B639-31426D1CC858}.Debug|Any CPU.Build.0 = Debug|Any CPU
		{8EA35303-31DF-45EE-B639-31426D1CC858}.Release|Any CPU.ActiveCfg = Release|Any CPU
		{8EA35303-31DF-45EE-B639-31426D1CC858}.Release|Any CPU.Build.0 = Release|Any CPU
	EndGlobalSection
	GlobalSection(SolutionProperties) = preSolution
		HideSolutionNode = FALSE
	EndGlobalSection
EndGlobal
